
Microsoft Visual Studio Solution File, Format Version 12.00
# Visual Studio 15
VisualStudioVersion = 15.0.27703.2026
MinimumVisualStudioVersion = 10.0.40219.1
Project("{FAE04EC0-301F-11D3-BF4B-00C04F79EFBC}") = "StaggeredPanelSample", "StaggeredPanelSample\StaggeredPanelSample.csproj", "{7BF29CC7-E908-4822-A2C7-E28F23D665FD}"
EndProject
Global
	GlobalSection(SolutionConfigurationPlatforms) = preSolution
		Debug|ARM = Debug|ARM
		Debug|x64 = Debug|x64
		Debug|x86 = Debug|x86
		Release|ARM = Release|ARM
		Release|x64 = Release|x64
		Release|x86 = Release|x86
	EndGlobalSection
	GlobalSection(ProjectConfigurationPlatforms) = postSolution
		{7BF29CC7-E908-4822-A2C7-E28F23D665FD}.Debug|ARM.ActiveCfg = Debug|ARM
		{7BF29CC7-E908-4822-A2C7-E28F23D665FD}.Debug|ARM.Build.0 = Debug|ARM
		{7BF29CC7-E908-4822-A2C7-E28F23D665FD}.Debug|ARM.Deploy.0 = Debug|ARM
		{7BF29CC7-E908-4822-A2C7-E28F23D665FD}.Debug|x64.ActiveCfg = Debug|x64
		{7BF29CC7-E908-4822-A2C7-E28F23D665FD}.Debug|x64.Build.0 = Debug|x64
		{7BF29CC7-E908-4822-A2C7-E28F23D665FD}.Debug|x64.Deploy.0 = Debug|x64
		{7BF29CC7-E908-4822-A2C7-E28F23D665FD}.Debug|x86.ActiveCfg = Debug|x86
		{7BF29CC7-E908-4822-A2C7-E28F23D665FD}.Debug|x86.Build.0 = Debug|x86
		{7BF29CC7-E908-4822-A2C7-E28F23D665FD}.Debug|x86.Deploy.0 = Debug|x86
		{7BF29CC7-E908-4822-A2C7-E28F23D665FD}.Release|ARM.ActiveCfg = Release|ARM
		{7BF29CC7-E908-4822-A2C7-E28F23D665FD}.Release|ARM.Build.0 = Release|ARM
		{7BF29CC7-E908-4822-A2C7-E28F23D665FD}.Release|ARM.Deploy.0 = Release|ARM
		{7BF29CC7-E908-4822-A2C7-E28F23D665FD}.Release|x64.ActiveCfg = Release|x64
		{7BF29CC7-E908-4822-A2C7-E28F23D665FD}.Release|x64.Build.0 = Release|x64
		{7BF29CC7-E908-4822-A2C7-E28F23D665FD}.Release|x64.Deploy.0 = Release|x64
		{7BF29CC7-E908-4822-A2C7-E28F23D665FD}.Release|x86.ActiveCfg = Release|x86
		{7BF29CC7-E908-4822-A2C7-E28F23D665FD}.Release|x86.Build.0 = Release|x86
		{7BF29CC7-E908-4822-A2C7-E28F23D665FD}.Release|x86.Deploy.0 = Release|x86
	EndGlobalSection
	GlobalSection(SolutionProperties) = preSolution
		HideSolutionNode = FALSE
	EndGlobalSection
	GlobalSection(ExtensibilityGlobals) = postSolution
		SolutionGuid = {871CFD2B-1895-48C5-9931-82C753B5B6A7}
	EndGlobalSection
EndGlobal
